
Microsoft Visual Studio Solution File, Format Version 12.00
# Visual Studio 14
VisualStudioVersion = 14.0.25420.1
MinimumVisualStudioVersion = 14.0.22823.1
Project("{F184B08F-C81C-45F6-A57F-5ABD9991F28F}") = "Mon jardin", "Mon jardin\Mon jardin.vbproj", "{314BC7E3-7EAE-41A6-89C2-990535ED75FF}"
EndProject
Project("{840C416C-B8F3-42BC-B0DD-F6BB14C9F8CB}") = "Installation Mon Jardin", "Installation Mon Jardin\Installation Mon Jardin.aiproj", "{ABC127F6-F30E-46D0-A60F-9E45253CD33A}"
EndProject
Global
	GlobalSection(SolutionConfigurationPlatforms) = preSolution
		CD_ROM|Any CPU = CD_ROM|Any CPU
		CD_ROM|Mixed Platforms = CD_ROM|Mixed Platforms
		CD_ROM|x86 = CD_ROM|x86
		Debug|Any CPU = Debug|Any CPU
		Debug|Mixed Platforms = Debug|Mixed Platforms
		Debug|x86 = Debug|x86
		DVD-5|Any CPU = DVD-5|Any CPU
		DVD-5|Mixed Platforms = DVD-5|Mixed Platforms
		DVD-5|x86 = DVD-5|x86
		Release|Any CPU = Release|Any CPU
		Release|Mixed Platforms = Release|Mixed Platforms
		Release|x86 = Release|x86
		SingleImage|Any CPU = SingleImage|Any CPU
		SingleImage|Mixed Platforms = SingleImage|Mixed Platforms
		SingleImage|x86 = SingleImage|x86
	EndGlobalSection
	GlobalSection(ProjectConfigurationPlatforms) = postSolution
		{314BC7E3-7EAE-41A6-89C2-990535ED75FF}.CD_ROM|Any CPU.ActiveCfg = Release|Any CPU
		{314BC7E3-7EAE-41A6-89C2-990535ED75FF}.CD_ROM|Any CPU.Build.0 = Release|Any CPU
		{314BC7E3-7EAE-41A6-89C2-990535ED75FF}.CD_ROM|Mixed Platforms.ActiveCfg = Debug|Any CPU
		{314BC7E3-7EAE-41A6-89C2-990535ED75FF}.CD_ROM|Mixed Platforms.Build.0 = Debug|Any CPU
		{314BC7E3-7EAE-41A6-89C2-990535ED75FF}.CD_ROM|x86.ActiveCfg = Debug|Any CPU
		{314BC7E3-7EAE-41A6-89C2-990535ED75FF}.CD_ROM|x86.Build.0 = Debug|Any CPU
		{314BC7E3-7EAE-41A6-89C2-990535ED75FF}.Debug|Any CPU.ActiveCfg = Debug|Any CPU
		{314BC7E3-7EAE-41A6-89C2-990535ED75FF}.Debug|Any CPU.Build.0 = Debug|Any CPU
		{314BC7E3-7EAE-41A6-89C2-990535ED75FF}.Debug|Mixed Platforms.ActiveCfg = Debug|Any CPU
		{314BC7E3-7EAE-41A6-89C2-990535ED75FF}.Debug|Mixed Platforms.Build.0 = Debug|Any CPU
		{314BC7E3-7EAE-41A6-89C2-990535ED75FF}.Debug|x86.ActiveCfg = Debug|Any CPU
		{314BC7E3-7EAE-41A6-89C2-990535ED75FF}.Debug|x86.Build.0 = Debug|Any CPU
		{314BC7E3-7EAE-41A6-89C2-990535ED75FF}.DVD-5|Any CPU.ActiveCfg = Debug|Any CPU
		{314BC7E3-7EAE-41A6-89C2-990535ED75FF}.DVD-5|Any CPU.Build.0 = Debug|Any CPU
		{314BC7E3-7EAE-41A6-89C2-990535ED75FF}.DVD-5|Mixed Platforms.ActiveCfg = Debug|Any CPU
		{314BC7E3-7EAE-41A6-89C2-990535ED75FF}.DVD-5|Mixed Platforms.Build.0 = Debug|Any CPU
		{314BC7E3-7EAE-41A6-89C2-990535ED75FF}.DVD-5|x86.ActiveCfg = Debug|Any CPU
		{314BC7E3-7EAE-41A6-89C2-990535ED75FF}.DVD-5|x86.Build.0 = Debug|Any CPU
		{314BC7E3-7EAE-41A6-89C2-990535ED75FF}.Release|Any CPU.ActiveCfg = Release|Any CPU
		{314BC7E3-7EAE-41A6-89C2-990535ED75FF}.Release|Any CPU.Build.0 = Release|Any CPU
		{314BC7E3-7EAE-41A6-89C2-990535ED75FF}.Release|Mixed Platforms.ActiveCfg = Release|Any CPU
		{314BC7E3-7EAE-41A6-89C2-990535ED75FF}.Release|Mixed Platforms.Build.0 = Release|Any CPU
		{314BC7E3-7EAE-41A6-89C2-990535ED75FF}.Release|x86.ActiveCfg = Release|Any CPU
		{314BC7E3-7EAE-41A6-89C2-990535ED75FF}.Release|x86.Build.0 = Release|Any CPU
		{314BC7E3-7EAE-41A6-89C2-990535ED75FF}.SingleImage|Any CPU.ActiveCfg = Release|Any CPU
		{314BC7E3-7EAE-41A6-89C2-990535ED75FF}.SingleImage|Any CPU.Build.0 = Release|Any CPU
		{314BC7E3-7EAE-41A6-89C2-990535ED75FF}.SingleImage|Mixed Platforms.ActiveCfg = Debug|Any CPU
		{314BC7E3-7EAE-41A6-89C2-990535ED75FF}.SingleImage|Mixed Platforms.Build.0 = Debug|Any CPU
		{314BC7E3-7EAE-41A6-89C2-990535ED75FF}.SingleImage|x86.ActiveCfg = Debug|Any CPU
		{314BC7E3-7EAE-41A6-89C2-990535ED75FF}.SingleImage|x86.Build.0 = Debug|Any CPU
		{ABC127F6-F30E-46D0-A60F-9E45253CD33A}.CD_ROM|Any CPU.ActiveCfg = DefaultBuild
		{ABC127F6-F30E-46D0-A60F-9E45253CD33A}.CD_ROM|Any CPU.Build.0 = DefaultBuild
		{ABC127F6-F30E-46D0-A60F-9E45253CD33A}.CD_ROM|Mixed Platforms.ActiveCfg = DefaultBuild
		{ABC127F6-F30E-46D0-A60F-9E45253CD33A}.CD_ROM|Mixed Platforms.Build.0 = DefaultBuild
		{ABC127F6-F30E-46D0-A60F-9E45253CD33A}.CD_ROM|x86.ActiveCfg = DefaultBuild
		{ABC127F6-F30E-46D0-A60F-9E45253CD33A}.CD_ROM|x86.Build.0 = DefaultBuild
		{ABC127F6-F30E-46D0-A60F-9E45253CD33A}.Debug|Any CPU.ActiveCfg = DefaultBuild
		{ABC127F6-F30E-46D0-A60F-9E45253CD33A}.Debug|Any CPU.Build.0 = DefaultBuild
		{ABC127F6-F30E-46D0-A60F-9E45253CD33A}.Debug|Mixed Platforms.ActiveCfg = DefaultBuild
		{ABC127F6-F30E-46D0-A60F-9E45253CD33A}.Debug|Mixed Platforms.Build.0 = DefaultBuild
		{ABC127F6-F30E-46D0-A60F-9E45253CD33A}.Debug|x86.ActiveCfg = DefaultBuild
		{ABC127F6-F30E-46D0-A60F-9E45253CD33A}.Debug|x86.Build.0 = DefaultBuild
		{ABC127F6-F30E-46D0-A60F-9E45253CD33A}.DVD-5|Any CPU.ActiveCfg = DefaultBuild
		{ABC127F6-F30E-46D0-A60F-9E45253CD33A}.DVD-5|Any CPU.Build.0 = DefaultBuild
		{ABC127F6-F30E-46D0-A60F-9E45253CD33A}.DVD-5|Mixed Platforms.ActiveCfg = DefaultBuild
		{ABC127F6-F30E-46D0-A60F-9E45253CD33A}.DVD-5|Mixed Platforms.Build.0 = DefaultBuild
		{ABC127F6-F30E-46D0-A60F-9E45253CD33A}.DVD-5|x86.ActiveCfg = DefaultBuild
		{ABC127F6-F30E-46D0-A60F-9E45253CD33A}.DVD-5|x86.Build.0 = DefaultBuild
		{ABC127F6-F30E-46D0-A60F-9E45253CD33A}.Release|Any CPU.ActiveCfg = DefaultBuild
		{ABC127F6-F30E-46D0-A60F-9E45253CD33A}.Release|Any CPU.Build.0 = DefaultBuild
		{ABC127F6-F30E-46D0-A60F-9E45253CD33A}.Release|Mixed Platforms.ActiveCfg = DefaultBuild
		{ABC127F6-F30E-46D0-A60F-9E45253CD33A}.Release|Mixed Platforms.Build.0 = DefaultBuild
		{ABC127F6-F30E-46D0-A60F-9E45253CD33A}.Release|x86.ActiveCfg = DefaultBuild
		{ABC127F6-F30E-46D0-A60F-9E45253CD33A}.Release|x86.Build.0 = DefaultBuild
		{ABC127F6-F30E-46D0-A60F-9E45253CD33A}.SingleImage|Any CPU.ActiveCfg = DefaultBuild
		{ABC127F6-F30E-46D0-A60F-9E45253CD33A}.SingleImage|Any CPU.Build.0 = DefaultBuild
		{ABC127F6-F30E-46D0-A60F-9E45253CD33A}.SingleImage|Mixed Platforms.ActiveCfg = DefaultBuild
		{ABC127F6-F30E-46D0-A60F-9E45253CD33A}.SingleImage|Mixed Platforms.Build.0 = DefaultBuild
		{ABC127F6-F30E-46D0-A60F-9E45253CD33A}.SingleImage|x86.ActiveCfg = DefaultBuild
		{ABC127F6-F30E-46D0-A60F-9E45253CD33A}.SingleImage|x86.Build.0 = DefaultBuild
	EndGlobalSection
	GlobalSection(SolutionProperties) = preSolution
		HideSolutionNode = FALSE
	EndGlobalSection
	GlobalSection(SubversionScc) = preSolution
		Manager = AnkhSVN - Subversion Support for Visual Studio
		Svn-Managed = True
	EndGlobalSection
EndGlobal
